// !$*UTF8*$!
{
	archiveVersion = 1;
	classes = {
	};
	objectVersion = 52;
	objects = {

/* Begin PBXBuildFile section */
		212F58CF2470C1AA009873AE /* AppDelegate.swift in Sources */ = {isa = PBXBuildFile; fileRef = 212F58CE2470C1AA009873AE /* AppDelegate.swift */; };
		212F58D12470C1AA009873AE /* SceneDelegate.swift in Sources */ = {isa = PBXBuildFile; fileRef = 212F58D02470C1AA009873AE /* SceneDelegate.swift */; };
		212F58D42470C1AA009873AE /* Dialog_Social_Coffee.xcdatamodeld in Sources */ = {isa = PBXBuildFile; fileRef = 212F58D22470C1AA009873AE /* Dialog_Social_Coffee.xcdatamodeld */; };
		212F58D62470C1AA009873AE /* TabbedView.swift in Sources */ = {isa = PBXBuildFile; fileRef = 212F58D52470C1AA009873AE /* TabbedView.swift */; };
		212F58D82470C1AE009873AE /* Assets.xcassets in Resources */ = {isa = PBXBuildFile; fileRef = 212F58D72470C1AE009873AE /* Assets.xcassets */; };
		212F58DB2470C1AE009873AE /* Preview Assets.xcassets in Resources */ = {isa = PBXBuildFile; fileRef = 212F58DA2470C1AE009873AE /* Preview Assets.xcassets */; };
		212F58DE2470C1AE009873AE /* LaunchScreen.storyboard in Resources */ = {isa = PBXBuildFile; fileRef = 212F58DC2470C1AE009873AE /* LaunchScreen.storyboard */; };
		212F58E72470C251009873AE /* Recipe.swift in Sources */ = {isa = PBXBuildFile; fileRef = 212F58E62470C251009873AE /* Recipe.swift */; };
		212F58EA2470C4D8009873AE /* RecipeListView.swift in Sources */ = {isa = PBXBuildFile; fileRef = 212F58E92470C4D8009873AE /* RecipeListView.swift */; };
		212F58EE2470CD77009873AE /* RecipeListViewModel.swift in Sources */ = {isa = PBXBuildFile; fileRef = 212F58ED2470CD77009873AE /* RecipeListViewModel.swift */; };
		212F58F02470CF71009873AE /* RecipeCellViewModel.swift in Sources */ = {isa = PBXBuildFile; fileRef = 212F58EF2470CF71009873AE /* RecipeCellViewModel.swift */; };
		212F58FD2472219C009873AE /* BrewView.swift in Sources */ = {isa = PBXBuildFile; fileRef = 212F58FC2472219C009873AE /* BrewView.swift */; };
		212F58FF247224EC009873AE /* LineChartView.swift in Sources */ = {isa = PBXBuildFile; fileRef = 212F58FE247224EC009873AE /* LineChartView.swift */; };
		212F5901247225A8009873AE /* AddRecipeInfoView.swift in Sources */ = {isa = PBXBuildFile; fileRef = 212F5900247225A8009873AE /* AddRecipeInfoView.swift */; };
		212F59032472F650009873AE /* RecipeRepository.swift in Sources */ = {isa = PBXBuildFile; fileRef = 212F59022472F650009873AE /* RecipeRepository.swift */; };
		212F59052472F98A009873AE /* AppDelegate+Resolving.swift in Sources */ = {isa = PBXBuildFile; fileRef = 212F59042472F98A009873AE /* AppDelegate+Resolving.swift */; };
		216BEAC1247342CF00A05CFF /* RecipeDetailViewModel.swift in Sources */ = {isa = PBXBuildFile; fileRef = 216BEAC0247342CF00A05CFF /* RecipeDetailViewModel.swift */; };
		216BEAC32473583800A05CFF /* CameraView.swift in Sources */ = {isa = PBXBuildFile; fileRef = 216BEAC22473583800A05CFF /* CameraView.swift */; };
		21BA34B72479F7C80080BCB2 /* AddRecipeInfoViewModel.swift in Sources */ = {isa = PBXBuildFile; fileRef = 21BA34B62479F7C80080BCB2 /* AddRecipeInfoViewModel.swift */; };
		21BA34B9247B066A0080BCB2 /* RecipeDetailView.swift in Sources */ = {isa = PBXBuildFile; fileRef = 21BA34B8247B066A0080BCB2 /* RecipeDetailView.swift */; };
		21E15A8A24959AB800AF3E19 /* QGrid in Frameworks */ = {isa = PBXBuildFile; productRef = 21E15A8924959AB800AF3E19 /* QGrid */; };
		21E15A8D2496925E00AF3E19 /* LineChartPreview.swift in Sources */ = {isa = PBXBuildFile; fileRef = 21E15A8C2496925E00AF3E19 /* LineChartPreview.swift */; };
		21E15A8F2496AFCF00AF3E19 /* LineChartDetail.swift in Sources */ = {isa = PBXBuildFile; fileRef = 21E15A8E2496AFCF00AF3E19 /* LineChartDetail.swift */; };
		21E15A922496ED5C00AF3E19 /* PartialSheet in Frameworks */ = {isa = PBXBuildFile; productRef = 21E15A912496ED5C00AF3E19 /* PartialSheet */; };
		21E15A94249704EE00AF3E19 /* ScaleConnectionPartialView.swift in Sources */ = {isa = PBXBuildFile; fileRef = 21E15A93249704EE00AF3E19 /* ScaleConnectionPartialView.swift */; };
		21E15A9624972F4900AF3E19 /* ActivityIndicator.swift in Sources */ = {isa = PBXBuildFile; fileRef = 21E15A9524972F4900AF3E19 /* ActivityIndicator.swift */; };
		35BC8A18B4D357FC8154F54B /* Pods_Dialog_Social_Coffee.framework in Frameworks */ = {isa = PBXBuildFile; fileRef = 3C352E0A05706F5718B32AC7 /* Pods_Dialog_Social_Coffee.framework */; };
/* End PBXBuildFile section */

/* Begin PBXFileReference section */
		212F58CB2470C1AA009873AE /* Dialog Social Coffee.app */ = {isa = PBXFileReference; explicitFileType = wrapper.application; includeInIndex = 0; path = "Dialog Social Coffee.app"; sourceTree = BUILT_PRODUCTS_DIR; };
		212F58CE2470C1AA009873AE /* AppDelegate.swift */ = {isa = PBXFileReference; lastKnownFileType = sourcecode.swift; path = AppDelegate.swift; sourceTree = "<group>"; };
		212F58D02470C1AA009873AE /* SceneDelegate.swift */ = {isa = PBXFileReference; lastKnownFileType = sourcecode.swift; path = SceneDelegate.swift; sourceTree = "<group>"; };
		212F58D32470C1AA009873AE /* Dialog_Social_Coffee.xcdatamodel */ = {isa = PBXFileReference; lastKnownFileType = wrapper.xcdatamodel; path = Dialog_Social_Coffee.xcdatamodel; sourceTree = "<group>"; };
		212F58D52470C1AA009873AE /* TabbedView.swift */ = {isa = PBXFileReference; lastKnownFileType = sourcecode.swift; path = TabbedView.swift; sourceTree = "<group>"; };
		212F58D72470C1AE009873AE /* Assets.xcassets */ = {isa = PBXFileReference; lastKnownFileType = folder.assetcatalog; path = Assets.xcassets; sourceTree = "<group>"; };
		212F58DA2470C1AE009873AE /* Preview Assets.xcassets */ = {isa = PBXFileReference; lastKnownFileType = folder.assetcatalog; path = "Preview Assets.xcassets"; sourceTree = "<group>"; };
		212F58DD2470C1AE009873AE /* Base */ = {isa = PBXFileReference; lastKnownFileType = file.storyboard; name = Base; path = Base.lproj/LaunchScreen.storyboard; sourceTree = "<group>"; };
		212F58DF2470C1AE009873AE /* Info.plist */ = {isa = PBXFileReference; lastKnownFileType = text.plist.xml; path = Info.plist; sourceTree = "<group>"; };
		212F58E62470C251009873AE /* Recipe.swift */ = {isa = PBXFileReference; lastKnownFileType = sourcecode.swift; path = Recipe.swift; sourceTree = "<group>"; };
		212F58E92470C4D8009873AE /* RecipeListView.swift */ = {isa = PBXFileReference; lastKnownFileType = sourcecode.swift; path = RecipeListView.swift; sourceTree = "<group>"; };
		212F58ED2470CD77009873AE /* RecipeListViewModel.swift */ = {isa = PBXFileReference; lastKnownFileType = sourcecode.swift; path = RecipeListViewModel.swift; sourceTree = "<group>"; };
		212F58EF2470CF71009873AE /* RecipeCellViewModel.swift */ = {isa = PBXFileReference; lastKnownFileType = sourcecode.swift; path = RecipeCellViewModel.swift; sourceTree = "<group>"; };
		212F58FC2472219C009873AE /* BrewView.swift */ = {isa = PBXFileReference; lastKnownFileType = sourcecode.swift; path = BrewView.swift; sourceTree = "<group>"; };
		212F58FE247224EC009873AE /* LineChartView.swift */ = {isa = PBXFileReference; lastKnownFileType = sourcecode.swift; path = LineChartView.swift; sourceTree = "<group>"; };
		212F5900247225A8009873AE /* AddRecipeInfoView.swift */ = {isa = PBXFileReference; lastKnownFileType = sourcecode.swift; path = AddRecipeInfoView.swift; sourceTree = "<group>"; };
		212F59022472F650009873AE /* RecipeRepository.swift */ = {isa = PBXFileReference; lastKnownFileType = sourcecode.swift; path = RecipeRepository.swift; sourceTree = "<group>"; };
		212F59042472F98A009873AE /* AppDelegate+Resolving.swift */ = {isa = PBXFileReference; lastKnownFileType = sourcecode.swift; path = "AppDelegate+Resolving.swift"; sourceTree = "<group>"; };
		216BEAC0247342CF00A05CFF /* RecipeDetailViewModel.swift */ = {isa = PBXFileReference; lastKnownFileType = sourcecode.swift; path = RecipeDetailViewModel.swift; sourceTree = "<group>"; };
		216BEAC22473583800A05CFF /* CameraView.swift */ = {isa = PBXFileReference; lastKnownFileType = sourcecode.swift; path = CameraView.swift; sourceTree = "<group>"; };
		21BA34B62479F7C80080BCB2 /* AddRecipeInfoViewModel.swift */ = {isa = PBXFileReference; lastKnownFileType = sourcecode.swift; path = AddRecipeInfoViewModel.swift; sourceTree = "<group>"; };
		21BA34B8247B066A0080BCB2 /* RecipeDetailView.swift */ = {isa = PBXFileReference; lastKnownFileType = sourcecode.swift; path = RecipeDetailView.swift; sourceTree = "<group>"; };
		21E15A8C2496925E00AF3E19 /* LineChartPreview.swift */ = {isa = PBXFileReference; lastKnownFileType = sourcecode.swift; path = LineChartPreview.swift; sourceTree = "<group>"; };
		21E15A8E2496AFCF00AF3E19 /* LineChartDetail.swift */ = {isa = PBXFileReference; lastKnownFileType = sourcecode.swift; path = LineChartDetail.swift; sourceTree = "<group>"; };
		21E15A93249704EE00AF3E19 /* ScaleConnectionPartialView.swift */ = {isa = PBXFileReference; lastKnownFileType = sourcecode.swift; path = ScaleConnectionPartialView.swift; sourceTree = "<group>"; };
		21E15A9524972F4900AF3E19 /* ActivityIndicator.swift */ = {isa = PBXFileReference; lastKnownFileType = sourcecode.swift; path = ActivityIndicator.swift; sourceTree = "<group>"; };
		3C352E0A05706F5718B32AC7 /* Pods_Dialog_Social_Coffee.framework */ = {isa = PBXFileReference; explicitFileType = wrapper.framework; includeInIndex = 0; path = Pods_Dialog_Social_Coffee.framework; sourceTree = BUILT_PRODUCTS_DIR; };
		6811DE5EFA1ECD71B56795CA /* Pods-Dialog Social Coffee.release.xcconfig */ = {isa = PBXFileReference; includeInIndex = 1; lastKnownFileType = text.xcconfig; name = "Pods-Dialog Social Coffee.release.xcconfig"; path = "Target Support Files/Pods-Dialog Social Coffee/Pods-Dialog Social Coffee.release.xcconfig"; sourceTree = "<group>"; };
		9F2E57E532CE10C15C272400 /* Pods-Dialog Social Coffee.debug.xcconfig */ = {isa = PBXFileReference; includeInIndex = 1; lastKnownFileType = text.xcconfig; name = "Pods-Dialog Social Coffee.debug.xcconfig"; path = "Target Support Files/Pods-Dialog Social Coffee/Pods-Dialog Social Coffee.debug.xcconfig"; sourceTree = "<group>"; };
/* End PBXFileReference section */

/* Begin PBXFrameworksBuildPhase section */
		212F58C82470C1AA009873AE /* Frameworks */ = {
			isa = PBXFrameworksBuildPhase;
			buildActionMask = 2147483647;
			files = (
				21E15A922496ED5C00AF3E19 /* PartialSheet in Frameworks */,
				21E15A8A24959AB800AF3E19 /* QGrid in Frameworks */,
				35BC8A18B4D357FC8154F54B /* Pods_Dialog_Social_Coffee.framework in Frameworks */,
			);
			runOnlyForDeploymentPostprocessing = 0;
		};
/* End PBXFrameworksBuildPhase section */

/* Begin PBXGroup section */
		212F58C22470C1AA009873AE = {
			isa = PBXGroup;
			children = (
				212F58CD2470C1AA009873AE /* Dialog Social Coffee */,
				212F58CC2470C1AA009873AE /* Products */,
				E525851B799262C9E22A4C49 /* Pods */,
				5C826C14B0156354B4A373CC /* Frameworks */,
			);
			sourceTree = "<group>";
		};
		212F58CC2470C1AA009873AE /* Products */ = {
			isa = PBXGroup;
			children = (
				212F58CB2470C1AA009873AE /* Dialog Social Coffee.app */,
			);
			name = Products;
			sourceTree = "<group>";
		};
		212F58CD2470C1AA009873AE /* Dialog Social Coffee */ = {
			isa = PBXGroup;
			children = (
				21BA34BF248096EF0080BCB2 /* App */,
				21BA34BE24808AC60080BCB2 /* Backend */,
				21BA34C02480970B0080BCB2 /* ui */,
				212F58D72470C1AE009873AE /* Assets.xcassets */,
				212F58DC2470C1AE009873AE /* LaunchScreen.storyboard */,
				212F58DF2470C1AE009873AE /* Info.plist */,
				212F58D22470C1AA009873AE /* Dialog_Social_Coffee.xcdatamodeld */,
				212F58D92470C1AE009873AE /* Preview Content */,
			);
			path = "Dialog Social Coffee";
			sourceTree = "<group>";
		};
		212F58D92470C1AE009873AE /* Preview Content */ = {
			isa = PBXGroup;
			children = (
				212F58DA2470C1AE009873AE /* Preview Assets.xcassets */,
			);
			path = "Preview Content";
			sourceTree = "<group>";
		};
		212F58E52470C223009873AE /* Models */ = {
			isa = PBXGroup;
			children = (
				212F58E62470C251009873AE /* Recipe.swift */,
			);
			path = Models;
			sourceTree = "<group>";
		};
		212F58EB2470CCDE009873AE /* Repositories */ = {
			isa = PBXGroup;
			children = (
				212F59022472F650009873AE /* RecipeRepository.swift */,
			);
			path = Repositories;
			sourceTree = "<group>";
		};
		212F58F3247207AC009873AE /* Reusable ui */ = {
			isa = PBXGroup;
			children = (
				21E15A93249704EE00AF3E19 /* ScaleConnectionPartialView.swift */,
				21E15A8B249691FC00AF3E19 /* Charts */,
				216BEAC22473583800A05CFF /* CameraView.swift */,
				21E15A9524972F4900AF3E19 /* ActivityIndicator.swift */,
			);
			path = "Reusable ui";
			sourceTree = "<group>";
		};
		21BA34BE24808AC60080BCB2 /* Backend */ = {
			isa = PBXGroup;
			children = (
				212F58EB2470CCDE009873AE /* Repositories */,
				212F58E52470C223009873AE /* Models */,
			);
			path = Backend;
			sourceTree = "<group>";
		};
		21BA34BF248096EF0080BCB2 /* App */ = {
			isa = PBXGroup;
			children = (
				212F58CE2470C1AA009873AE /* AppDelegate.swift */,
				212F59042472F98A009873AE /* AppDelegate+Resolving.swift */,
				212F58D02470C1AA009873AE /* SceneDelegate.swift */,
			);
			path = App;
			sourceTree = "<group>";
		};
		21BA34C02480970B0080BCB2 /* ui */ = {
			isa = PBXGroup;
			children = (
				212F58D52470C1AA009873AE /* TabbedView.swift */,
				21BA34C1248097750080BCB2 /* Feed */,
				21BA34C4248097A10080BCB2 /* Discover */,
				21BA34C5248097AF0080BCB2 /* QuickBrew */,
				21BA34C32480978E0080BCB2 /* Lab */,
				21BA34C22480977D0080BCB2 /* Profile */,
				212F58F3247207AC009873AE /* Reusable ui */,
			);
			path = ui;
			sourceTree = "<group>";
		};
		21BA34C1248097750080BCB2 /* Feed */ = {
			isa = PBXGroup;
			children = (
				21BA34CD248099210080BCB2 /* Views */,
				21BA34CC2480991A0080BCB2 /* View Models */,
			);
			path = Feed;
			sourceTree = "<group>";
		};
		21BA34C22480977D0080BCB2 /* Profile */ = {
			isa = PBXGroup;
			children = (
				21BA34CE248099280080BCB2 /* Views */,
				21BA34CF248099300080BCB2 /* View Models */,
			);
			path = Profile;
			sourceTree = "<group>";
		};
		21BA34C32480978E0080BCB2 /* Lab */ = {
			isa = PBXGroup;
			children = (
				21BA34C6248098CE0080BCB2 /* Views */,
				21BA34C7248098DB0080BCB2 /* View Models */,
			);
			path = Lab;
			sourceTree = "<group>";
		};
		21BA34C4248097A10080BCB2 /* Discover */ = {
			isa = PBXGroup;
			children = (
				21BA34CA248099070080BCB2 /* Views */,
				21BA34CB2480990F0080BCB2 /* View Models */,
			);
			path = Discover;
			sourceTree = "<group>";
		};
		21BA34C5248097AF0080BCB2 /* QuickBrew */ = {
			isa = PBXGroup;
			children = (
				21BA34C8248098F20080BCB2 /* Views */,
				21BA34C9248098FD0080BCB2 /* View Models */,
			);
			path = QuickBrew;
			sourceTree = "<group>";
		};
		21BA34C6248098CE0080BCB2 /* Views */ = {
			isa = PBXGroup;
			children = (
				212F58E92470C4D8009873AE /* RecipeListView.swift */,
				21E15A992498898A00AF3E19 /* New Recipe */,
				21E15A9A2498899C00AF3E19 /* Use Recipe */,
				212F58FC2472219C009873AE /* BrewView.swift */,
			);
			path = Views;
			sourceTree = "<group>";
		};
		21BA34C7248098DB0080BCB2 /* View Models */ = {
			isa = PBXGroup;
			children = (
				212F58ED2470CD77009873AE /* RecipeListViewModel.swift */,
				212F58EF2470CF71009873AE /* RecipeCellViewModel.swift */,
				216BEAC0247342CF00A05CFF /* RecipeDetailViewModel.swift */,
				21BA34B62479F7C80080BCB2 /* AddRecipeInfoViewModel.swift */,
			);
			path = "View Models";
			sourceTree = "<group>";
		};
		21BA34C8248098F20080BCB2 /* Views */ = {
			isa = PBXGroup;
			children = (
			);
			path = Views;
			sourceTree = "<group>";
		};
		21BA34C9248098FD0080BCB2 /* View Models */ = {
			isa = PBXGroup;
			children = (
			);
			path = "View Models";
			sourceTree = "<group>";
		};
		21BA34CA248099070080BCB2 /* Views */ = {
			isa = PBXGroup;
			children = (
			);
			path = Views;
			sourceTree = "<group>";
		};
		21BA34CB2480990F0080BCB2 /* View Models */ = {
			isa = PBXGroup;
			children = (
			);
			path = "View Models";
			sourceTree = "<group>";
		};
		21BA34CC2480991A0080BCB2 /* View Models */ = {
			isa = PBXGroup;
			children = (
			);
			path = "View Models";
			sourceTree = "<group>";
		};
		21BA34CD248099210080BCB2 /* Views */ = {
			isa = PBXGroup;
			children = (
			);
			path = Views;
			sourceTree = "<group>";
		};
		21BA34CE248099280080BCB2 /* Views */ = {
			isa = PBXGroup;
			children = (
			);
			path = Views;
			sourceTree = "<group>";
		};
		21BA34CF248099300080BCB2 /* View Models */ = {
			isa = PBXGroup;
			children = (
			);
			path = "View Models";
			sourceTree = "<group>";
		};
		21E15A8B249691FC00AF3E19 /* Charts */ = {
			isa = PBXGroup;
			children = (
				212F58FE247224EC009873AE /* LineChartView.swift */,
				21E15A8C2496925E00AF3E19 /* LineChartPreview.swift */,
				21E15A8E2496AFCF00AF3E19 /* LineChartDetail.swift */,
			);
			path = Charts;
			sourceTree = "<group>";
		};
		21E15A992498898A00AF3E19 /* New Recipe */ = {
			isa = PBXGroup;
			children = (
				212F5900247225A8009873AE /* AddRecipeInfoView.swift */,
			);
			path = "New Recipe";
			sourceTree = "<group>";
		};
		21E15A9A2498899C00AF3E19 /* Use Recipe */ = {
			isa = PBXGroup;
			children = (
				21BA34B8247B066A0080BCB2 /* RecipeDetailView.swift */,
			);
			path = "Use Recipe";
			sourceTree = "<group>";
		};
		5C826C14B0156354B4A373CC /* Frameworks */ = {
			isa = PBXGroup;
			children = (
				3C352E0A05706F5718B32AC7 /* Pods_Dialog_Social_Coffee.framework */,
			);
			name = Frameworks;
			sourceTree = "<group>";
		};
		E525851B799262C9E22A4C49 /* Pods */ = {
			isa = PBXGroup;
			children = (
				9F2E57E532CE10C15C272400 /* Pods-Dialog Social Coffee.debug.xcconfig */,
				6811DE5EFA1ECD71B56795CA /* Pods-Dialog Social Coffee.release.xcconfig */,
			);
			path = Pods;
			sourceTree = "<group>";
		};
/* End PBXGroup section */

/* Begin PBXNativeTarget section */
		212F58CA2470C1AA009873AE /* Dialog Social Coffee */ = {
			isa = PBXNativeTarget;
			buildConfigurationList = 212F58E22470C1AE009873AE /* Build configuration list for PBXNativeTarget "Dialog Social Coffee" */;
			buildPhases = (
				CA69F503A8936A2C15EA5A6F /* [CP] Check Pods Manifest.lock */,
				212F58C72470C1AA009873AE /* Sources */,
				212F58C82470C1AA009873AE /* Frameworks */,
				212F58C92470C1AA009873AE /* Resources */,
				AD24D50DBA6B03085C77A901 /* [CP] Embed Pods Frameworks */,
			);
			buildRules = (
			);
			dependencies = (
			);
			name = "Dialog Social Coffee";
			packageProductDependencies = (
				21E15A8924959AB800AF3E19 /* QGrid */,
				21E15A912496ED5C00AF3E19 /* PartialSheet */,
			);
			productName = "Dialog Social Coffee";
			productReference = 212F58CB2470C1AA009873AE /* Dialog Social Coffee.app */;
			productType = "com.apple.product-type.application";
		};
/* End PBXNativeTarget section */

/* Begin PBXProject section */
		212F58C32470C1AA009873AE /* Project object */ = {
			isa = PBXProject;
			attributes = {
				LastSwiftUpdateCheck = 1140;
				LastUpgradeCheck = 1140;
				ORGANIZATIONNAME = "Craig Mathieson";
				TargetAttributes = {
					212F58CA2470C1AA009873AE = {
						CreatedOnToolsVersion = 11.4;
					};
				};
			};
			buildConfigurationList = 212F58C62470C1AA009873AE /* Build configuration list for PBXProject "Dialog Social Coffee" */;
			compatibilityVersion = "Xcode 9.3";
			developmentRegion = en;
			hasScannedForEncodings = 0;
			knownRegions = (
				en,
				Base,
			);
			mainGroup = 212F58C22470C1AA009873AE;
			packageReferences = (
				21E15A8824959AB800AF3E19 /* XCRemoteSwiftPackageReference "QGrid" */,
				21E15A902496ED5C00AF3E19 /* XCRemoteSwiftPackageReference "PartialSheet" */,
			);
			productRefGroup = 212F58CC2470C1AA009873AE /* Products */;
			projectDirPath = "";
			projectRoot = "";
			targets = (
				212F58CA2470C1AA009873AE /* Dialog Social Coffee */,
			);
		};
/* End PBXProject section */

/* Begin PBXResourcesBuildPhase section */
		212F58C92470C1AA009873AE /* Resources */ = {
			isa = PBXResourcesBuildPhase;
			buildActionMask = 2147483647;
			files = (
				212F58DE2470C1AE009873AE /* LaunchScreen.storyboard in Resources */,
				212F58DB2470C1AE009873AE /* Preview Assets.xcassets in Resources */,
				212F58D82470C1AE009873AE /* Assets.xcassets in Resources */,
			);
			runOnlyForDeploymentPostprocessing = 0;
		};
/* End PBXResourcesBuildPhase section */

/* Begin PBXShellScriptBuildPhase section */
		AD24D50DBA6B03085C77A901 /* [CP] Embed Pods Frameworks */ = {
			isa = PBXShellScriptBuildPhase;
			buildActionMask = 2147483647;
			files = (
			);
			inputFileListPaths = (
				"${PODS_ROOT}/Target Support Files/Pods-Dialog Social Coffee/Pods-Dialog Social Coffee-frameworks-${CONFIGURATION}-input-files.xcfilelist",
			);
			name = "[CP] Embed Pods Frameworks";
			outputFileListPaths = (
				"${PODS_ROOT}/Target Support Files/Pods-Dialog Social Coffee/Pods-Dialog Social Coffee-frameworks-${CONFIGURATION}-output-files.xcfilelist",
			);
			runOnlyForDeploymentPostprocessing = 0;
			shellPath = /bin/sh;
			shellScript = "\"${PODS_ROOT}/Target Support Files/Pods-Dialog Social Coffee/Pods-Dialog Social Coffee-frameworks.sh\"\n";
			showEnvVarsInLog = 0;
		};
		CA69F503A8936A2C15EA5A6F /* [CP] Check Pods Manifest.lock */ = {
			isa = PBXShellScriptBuildPhase;
			buildActionMask = 2147483647;
			files = (
			);
			inputFileListPaths = (
			);
			inputPaths = (
				"${PODS_PODFILE_DIR_PATH}/Podfile.lock",
				"${PODS_ROOT}/Manifest.lock",
			);
			name = "[CP] Check Pods Manifest.lock";
			outputFileListPaths = (
			);
			outputPaths = (
				"$(DERIVED_FILE_DIR)/Pods-Dialog Social Coffee-checkManifestLockResult.txt",
			);
			runOnlyForDeploymentPostprocessing = 0;
			shellPath = /bin/sh;
			shellScript = "diff \"${PODS_PODFILE_DIR_PATH}/Podfile.lock\" \"${PODS_ROOT}/Manifest.lock\" > /dev/null\nif [ $? != 0 ] ; then\n    # print error to STDERR\n    echo \"error: The sandbox is not in sync with the Podfile.lock. Run 'pod install' or update your CocoaPods installation.\" >&2\n    exit 1\nfi\n# This output is used by Xcode 'outputs' to avoid re-running this script phase.\necho \"SUCCESS\" > \"${SCRIPT_OUTPUT_FILE_0}\"\n";
			showEnvVarsInLog = 0;
		};
/* End PBXShellScriptBuildPhase section */

/* Begin PBXSourcesBuildPhase section */
		212F58C72470C1AA009873AE /* Sources */ = {
			isa = PBXSourcesBuildPhase;
			buildActionMask = 2147483647;
			files = (
				21BA34B72479F7C80080BCB2 /* AddRecipeInfoViewModel.swift in Sources */,
				21BA34B9247B066A0080BCB2 /* RecipeDetailView.swift in Sources */,
				212F58EE2470CD77009873AE /* RecipeListViewModel.swift in Sources */,
				212F58F02470CF71009873AE /* RecipeCellViewModel.swift in Sources */,
				21E15A94249704EE00AF3E19 /* ScaleConnectionPartialView.swift in Sources */,
				212F58FD2472219C009873AE /* BrewView.swift in Sources */,
				212F58EA2470C4D8009873AE /* RecipeListView.swift in Sources */,
				212F59052472F98A009873AE /* AppDelegate+Resolving.swift in Sources */,
				212F58CF2470C1AA009873AE /* AppDelegate.swift in Sources */,
				212F58FF247224EC009873AE /* LineChartView.swift in Sources */,
				216BEAC1247342CF00A05CFF /* RecipeDetailViewModel.swift in Sources */,
				21E15A8D2496925E00AF3E19 /* LineChartPreview.swift in Sources */,
				212F5901247225A8009873AE /* AddRecipeInfoView.swift in Sources */,
				21E15A8F2496AFCF00AF3E19 /* LineChartDetail.swift in Sources */,
				212F58D12470C1AA009873AE /* SceneDelegate.swift in Sources */,
				21E15A9624972F4900AF3E19 /* ActivityIndicator.swift in Sources */,
				212F58D62470C1AA009873AE /* TabbedView.swift in Sources */,
				212F59032472F650009873AE /* RecipeRepository.swift in Sources */,
				212F58D42470C1AA009873AE /* Dialog_Social_Coffee.xcdatamodeld in Sources */,
				212F58E72470C251009873AE /* Recipe.swift in Sources */,
				216BEAC32473583800A05CFF /* CameraView.swift in Sources */,
			);
			runOnlyForDeploymentPostprocessing = 0;
		};
/* End PBXSourcesBuildPhase section */

/* Begin PBXVariantGroup section */
		212F58DC2470C1AE009873AE /* LaunchScreen.storyboard */ = {
			isa = PBXVariantGroup;
			children = (
				212F58DD2470C1AE009873AE /* Base */,
			);
			name = LaunchScreen.storyboard;
			sourceTree = "<group>";
		};
/* End PBXVariantGroup section */

/* Begin XCBuildConfiguration section */
		212F58E02470C1AE009873AE /* Debug */ = {
			isa = XCBuildConfiguration;
			buildSettings = {
				ALWAYS_SEARCH_USER_PATHS = NO;
				CLANG_ANALYZER_NONNULL = YES;
				CLANG_ANALYZER_NUMBER_OBJECT_CONVERSION = YES_AGGRESSIVE;
				CLANG_CXX_LANGUAGE_STANDARD = "gnu++14";
				CLANG_CXX_LIBRARY = "libc++";
				CLANG_ENABLE_MODULES = YES;
				CLANG_ENABLE_OBJC_ARC = YES;
				CLANG_ENABLE_OBJC_WEAK = YES;
				CLANG_WARN_BLOCK_CAPTURE_AUTORELEASING = YES;
				CLANG_WARN_BOOL_CONVERSION = YES;
				CLANG_WARN_COMMA = YES;
				CLANG_WARN_CONSTANT_CONVERSION = YES;
				CLANG_WARN_DEPRECATED_OBJC_IMPLEMENTATIONS = YES;
				CLANG_WARN_DIRECT_OBJC_ISA_USAGE = YES_ERROR;
				CLANG_WARN_DOCUMENTATION_COMMENTS = YES;
				CLANG_WARN_EMPTY_BODY = YES;
				CLANG_WARN_ENUM_CONVERSION = YES;
				CLANG_WARN_INFINITE_RECURSION = YES;
				CLANG_WARN_INT_CONVERSION = YES;
				CLANG_WARN_NON_LITERAL_NULL_CONVERSION = YES;
				CLANG_WARN_OBJC_IMPLICIT_RETAIN_SELF = YES;
				CLANG_WARN_OBJC_LITERAL_CONVERSION = YES;
				CLANG_WARN_OBJC_ROOT_CLASS = YES_ERROR;
				CLANG_WARN_RANGE_LOOP_ANALYSIS = YES;
				CLANG_WARN_STRICT_PROTOTYPES = YES;
				CLANG_WARN_SUSPICIOUS_MOVE = YES;
				CLANG_WARN_UNGUARDED_AVAILABILITY = YES_AGGRESSIVE;
				CLANG_WARN_UNREACHABLE_CODE = YES;
				CLANG_WARN__DUPLICATE_METHOD_MATCH = YES;
				COPY_PHASE_STRIP = NO;
				DEBUG_INFORMATION_FORMAT = dwarf;
				ENABLE_STRICT_OBJC_MSGSEND = YES;
				ENABLE_TESTABILITY = YES;
				GCC_C_LANGUAGE_STANDARD = gnu11;
				GCC_DYNAMIC_NO_PIC = NO;
				GCC_NO_COMMON_BLOCKS = YES;
				GCC_OPTIMIZATION_LEVEL = 0;
				GCC_PREPROCESSOR_DEFINITIONS = (
					"DEBUG=1",
					"$(inherited)",
				);
				GCC_WARN_64_TO_32_BIT_CONVERSION = YES;
				GCC_WARN_ABOUT_RETURN_TYPE = YES_ERROR;
				GCC_WARN_UNDECLARED_SELECTOR = YES;
				GCC_WARN_UNINITIALIZED_AUTOS = YES_AGGRESSIVE;
				GCC_WARN_UNUSED_FUNCTION = YES;
				GCC_WARN_UNUSED_VARIABLE = YES;
				IPHONEOS_DEPLOYMENT_TARGET = 13.0;
				MTL_ENABLE_DEBUG_INFO = INCLUDE_SOURCE;
				MTL_FAST_MATH = YES;
				ONLY_ACTIVE_ARCH = YES;
				SDKROOT = iphoneos;
				SWIFT_ACTIVE_COMPILATION_CONDITIONS = DEBUG;
				SWIFT_OPTIMIZATION_LEVEL = "-Onone";
			};
			name = Debug;
		};
		212F58E12470C1AE009873AE /* Release */ = {
			isa = XCBuildConfiguration;
			buildSettings = {
				ALWAYS_SEARCH_USER_PATHS = NO;
				CLANG_ANALYZER_NONNULL = YES;
				CLANG_ANALYZER_NUMBER_OBJECT_CONVERSION = YES_AGGRESSIVE;
				CLANG_CXX_LANGUAGE_STANDARD = "gnu++14";
				CLANG_CXX_LIBRARY = "libc++";
				CLANG_ENABLE_MODULES = YES;
				CLANG_ENABLE_OBJC_ARC = YES;
				CLANG_ENABLE_OBJC_WEAK = YES;
				CLANG_WARN_BLOCK_CAPTURE_AUTORELEASING = YES;
				CLANG_WARN_BOOL_CONVERSION = YES;
				CLANG_WARN_COMMA = YES;
				CLANG_WARN_CONSTANT_CONVERSION = YES;
				CLANG_WARN_DEPRECATED_OBJC_IMPLEMENTATIONS = YES;
				CLANG_WARN_DIRECT_OBJC_ISA_USAGE = YES_ERROR;
				CLANG_WARN_DOCUMENTATION_COMMENTS = YES;
				CLANG_WARN_EMPTY_BODY = YES;
				CLANG_WARN_ENUM_CONVERSION = YES;
				CLANG_WARN_INFINITE_RECURSION = YES;
				CLANG_WARN_INT_CONVERSION = YES;
				CLANG_WARN_NON_LITERAL_NULL_CONVERSION = YES;
				CLANG_WARN_OBJC_IMPLICIT_RETAIN_SELF = YES;
				CLANG_WARN_OBJC_LITERAL_CONVERSION = YES;
				CLANG_WARN_OBJC_ROOT_CLASS = YES_ERROR;
				CLANG_WARN_RANGE_LOOP_ANALYSIS = YES;
				CLANG_WARN_STRICT_PROTOTYPES = YES;
				CLANG_WARN_SUSPICIOUS_MOVE = YES;
				CLANG_WARN_UNGUARDED_AVAILABILITY = YES_AGGRESSIVE;
				CLANG_WARN_UNREACHABLE_CODE = YES;
				CLANG_WARN__DUPLICATE_METHOD_MATCH = YES;
				COPY_PHASE_STRIP = NO;
				DEBUG_INFORMATION_FORMAT = "dwarf-with-dsym";
				ENABLE_NS_ASSERTIONS = NO;
				ENABLE_STRICT_OBJC_MSGSEND = YES;
				GCC_C_LANGUAGE_STANDARD = gnu11;
				GCC_NO_COMMON_BLOCKS = YES;
				GCC_WARN_64_TO_32_BIT_CONVERSION = YES;
				GCC_WARN_ABOUT_RETURN_TYPE = YES_ERROR;
				GCC_WARN_UNDECLARED_SELECTOR = YES;
				GCC_WARN_UNINITIALIZED_AUTOS = YES_AGGRESSIVE;
				GCC_WARN_UNUSED_FUNCTION = YES;
				GCC_WARN_UNUSED_VARIABLE = YES;
				IPHONEOS_DEPLOYMENT_TARGET = 13.0;
				MTL_ENABLE_DEBUG_INFO = NO;
				MTL_FAST_MATH = YES;
				SDKROOT = iphoneos;
				SWIFT_COMPILATION_MODE = wholemodule;
				SWIFT_OPTIMIZATION_LEVEL = "-O";
				VALIDATE_PRODUCT = YES;
			};
			name = Release;
		};
		212F58E32470C1AE009873AE /* Debug */ = {
			isa = XCBuildConfiguration;
			baseConfigurationReference = 9F2E57E532CE10C15C272400 /* Pods-Dialog Social Coffee.debug.xcconfig */;
			buildSettings = {
				ASSETCATALOG_COMPILER_APPICON_NAME = AppIcon;
				CODE_SIGN_STYLE = Automatic;
				DEVELOPMENT_ASSET_PATHS = "\"Dialog Social Coffee/Preview Content\"";
				DEVELOPMENT_TEAM = 9H993U7TV2;
				ENABLE_PREVIEWS = YES;
				INFOPLIST_FILE = "Dialog Social Coffee/Info.plist";
				LD_RUNPATH_SEARCH_PATHS = (
					"$(inherited)",
					"@executable_path/Frameworks",
				);
				PRODUCT_BUNDLE_IDENTIFIER = "com.craigmathieson.Dialog-Social-Coffee";
				PRODUCT_NAME = "$(TARGET_NAME)";
				SWIFT_VERSION = 5.0;
				TARGETED_DEVICE_FAMILY = "1,2";
			};
			name = Debug;
		};
		212F58E42470C1AE009873AE /* Release */ = {
			isa = XCBuildConfiguration;
			baseConfigurationReference = 6811DE5EFA1ECD71B56795CA /* Pods-Dialog Social Coffee.release.xcconfig */;
			buildSettings = {
				ASSETCATALOG_COMPILER_APPICON_NAME = AppIcon;
				CODE_SIGN_STYLE = Automatic;
				DEVELOPMENT_ASSET_PATHS = "\"Dialog Social Coffee/Preview Content\"";
				DEVELOPMENT_TEAM = 9H993U7TV2;
				ENABLE_PREVIEWS = YES;
				INFOPLIST_FILE = "Dialog Social Coffee/Info.plist";
				LD_RUNPATH_SEARCH_PATHS = (
					"$(inherited)",
					"@executable_path/Frameworks",
				);
				PRODUCT_BUNDLE_IDENTIFIER = "com.craigmathieson.Dialog-Social-Coffee";
				PRODUCT_NAME = "$(TARGET_NAME)";
				SWIFT_VERSION = 5.0;
				TARGETED_DEVICE_FAMILY = "1,2";
			};
			name = Release;
		};
/* End XCBuildConfiguration section */

/* Begin XCConfigurationList section */
		212F58C62470C1AA009873AE /* Build configuration list for PBXProject "Dialog Social Coffee" */ = {
			isa = XCConfigurationList;
			buildConfigurations = (
				212F58E02470C1AE009873AE /* Debug */,
				212F58E12470C1AE009873AE /* Release */,
			);
			defaultConfigurationIsVisible = 0;
			defaultConfigurationName = Release;
		};
		212F58E22470C1AE009873AE /* Build configuration list for PBXNativeTarget "Dialog Social Coffee" */ = {
			isa = XCConfigurationList;
			buildConfigurations = (
				212F58E32470C1AE009873AE /* Debug */,
				212F58E42470C1AE009873AE /* Release */,
			);
			defaultConfigurationIsVisible = 0;
			defaultConfigurationName = Release;
		};
/* End XCConfigurationList section */

/* Begin XCRemoteSwiftPackageReference section */
		21E15A8824959AB800AF3E19 /* XCRemoteSwiftPackageReference "QGrid" */ = {
			isa = XCRemoteSwiftPackageReference;
			repositoryURL = "https://github.com/Q-Mobile/QGrid";
			requirement = {
				kind = upToNextMajorVersion;
				minimumVersion = 0.1.4;
			};
		};
		21E15A902496ED5C00AF3E19 /* XCRemoteSwiftPackageReference "PartialSheet" */ = {
			isa = XCRemoteSwiftPackageReference;
			repositoryURL = "https://github.com/AndreaMiotto/PartialSheet";
			requirement = {
				kind = upToNextMajorVersion;
				minimumVersion = 2.1.5;
			};
		};
/* End XCRemoteSwiftPackageReference section */

/* Begin XCSwiftPackageProductDependency section */
		21E15A8924959AB800AF3E19 /* QGrid */ = {
			isa = XCSwiftPackageProductDependency;
			package = 21E15A8824959AB800AF3E19 /* XCRemoteSwiftPackageReference "QGrid" */;
			productName = QGrid;
		};
		21E15A912496ED5C00AF3E19 /* PartialSheet */ = {
			isa = XCSwiftPackageProductDependency;
			package = 21E15A902496ED5C00AF3E19 /* XCRemoteSwiftPackageReference "PartialSheet" */;
			productName = PartialSheet;
		};
/* End XCSwiftPackageProductDependency section */

/* Begin XCVersionGroup section */
		212F58D22470C1AA009873AE /* Dialog_Social_Coffee.xcdatamodeld */ = {
			isa = XCVersionGroup;
			children = (
				212F58D32470C1AA009873AE /* Dialog_Social_Coffee.xcdatamodel */,
			);
			currentVersion = 212F58D32470C1AA009873AE /* Dialog_Social_Coffee.xcdatamodel */;
			path = Dialog_Social_Coffee.xcdatamodeld;
			sourceTree = "<group>";
			versionGroupType = wrapper.xcdatamodel;
		};
/* End XCVersionGroup section */
	};
	rootObject = 212F58C32470C1AA009873AE /* Project object */;
}
